
Microsoft Visual Studio Solution File, Format Version 12.00
# Visual Studio Version 16
VisualStudioVersion = 16.0.30621.155
MinimumVisualStudioVersion = 10.0.40219.1
Project("{FAE04EC0-301F-11D3-BF4B-00C04F79EFBC}") = "TCLN_WEB_API", "TCLN_WEB_API\TCLN_WEB_API.csproj", "{BF18E6A9-A416-4790-AD62-448C14D17912}"
EndProject
Global
	GlobalSection(SolutionConfigurationPlatforms) = preSolution
		Debug|Any CPU = Debug|Any CPU
		Release|Any CPU = Release|Any CPU
	EndGlobalSection
	GlobalSection(ProjectConfigurationPlatforms) = postSolution
		{BF18E6A9-A416-4790-AD62-448C14D17912}.Debug|Any CPU.ActiveCfg = Debug|Any CPU
		{BF18E6A9-A416-4790-AD62-448C14D17912}.Debug|Any CPU.Build.0 = Debug|Any CPU
		{BF18E6A9-A416-4790-AD62-448C14D17912}.Release|Any CPU.ActiveCfg = Release|Any CPU
		{BF18E6A9-A416-4790-AD62-448C14D17912}.Release|Any CPU.Build.0 = Release|Any CPU
	EndGlobalSection
	GlobalSection(SolutionProperties) = preSolution
		HideSolutionNode = FALSE
	EndGlobalSection
	GlobalSection(ExtensibilityGlobals) = postSolution
		SolutionGuid = {54403C50-8C25-48B3-921A-C9DD4EEB1625}
	EndGlobalSection
EndGlobal
